# This file is generated by running "yarn install" inside your project.
# Manual changes might be lost - proceed with caution!

__metadata:
  version: 8
  cacheKey: 10

"@cspotcode/source-map-support@npm:^0.8.0":
  version: 0.8.1
  resolution: "@cspotcode/source-map-support@npm:0.8.1"
  dependencies:
    "@jridgewell/trace-mapping": "npm:0.3.9"
  checksum: 10/b6e38a1712fab242c86a241c229cf562195aad985d0564bd352ac404be583029e89e93028ffd2c251d2c407ecac5fb0cbdca94a2d5c10f29ac806ede0508b3ff
  languageName: node
  linkType: hard

"@devcycle/bucketing-assembly-script@npm:^1.23.0":
  version: 1.23.0
  resolution: "@devcycle/bucketing-assembly-script@npm:1.23.0"
  dependencies:
    protobufjs: "npm:^7.2.5"
  checksum: 10/feab0a9d3abf99872af78e26bc1096516afe248b1ccc71d7b2986366053d8130bbeff6f6bf68ce658c08a5a0eb58278120e37c33999eff860c0f5658c042b637
  languageName: node
  linkType: hard

"@devcycle/js-client-sdk@npm:^1.26.0":
  version: 1.26.0
  resolution: "@devcycle/js-client-sdk@npm:1.26.0"
  dependencies:
    "@devcycle/types": "npm:^1.14.0"
    fetch-retry: "npm:^5.0.6"
    lodash: "npm:^4.17.21"
    ua-parser-js: "npm:^1.0.36"
    uuid: "npm:^8.3.2"
  checksum: 10/1087bd5b4a01f46f17044c30eb24499a5c647072b111b8c551dcffbbd31bc45ef9023948887efc9b63f8724b7145b8a0991eb3de24091bb9e342613f7e0c8206
  languageName: node
  linkType: hard

"@devcycle/js-cloud-server-sdk@npm:^1.13.0":
  version: 1.13.0
  resolution: "@devcycle/js-cloud-server-sdk@npm:1.13.0"
  dependencies:
    "@devcycle/types": "npm:^1.14.0"
    cross-fetch: "npm:^4.0.0"
    fetch-retry: "npm:^5.0.6"
    lodash: "npm:^4.17.21"
  checksum: 10/32674e92fd8f83377723553ea54ac91a11dfa4dab169f8e6f809b6692418c203054c188d331a0eb7927075894bcda6977f17ee53677108fd0d43686931929c11
  languageName: node
  linkType: hard

"@devcycle/nodejs-server-sdk@npm:^1.31.1":
  version: 1.31.1
  resolution: "@devcycle/nodejs-server-sdk@npm:1.31.1"
  dependencies:
    "@devcycle/bucketing-assembly-script": "npm:^1.23.0"
    "@devcycle/js-cloud-server-sdk": "npm:^1.13.0"
    "@devcycle/types": "npm:^1.14.0"
    cross-fetch: "npm:^4.0.0"
    eventsource: "npm:^2.0.2"
    fetch-retry: "npm:^5.0.6"
  peerDependencies:
    "@openfeature/server-sdk": ^1.13.5
  checksum: 10/19dd5b21e5a9e4e614d80734adb9bdc7e754e05b18785a34ecd1275508b8c7d2209120c7332a2bf3274496feb7f7fb3f881a4b3c194f32260548162c754c2e4d
  languageName: node
  linkType: hard

"@devcycle/types@npm:^1.14.0":
  version: 1.14.0
  resolution: "@devcycle/types@npm:1.14.0"
  dependencies:
    class-transformer: "npm:0.5.1"
    class-validator: "npm:0.14.1"
    iso-639-1: "npm:^2.1.13"
    lodash: "npm:^4.17.21"
    reflect-metadata: "npm:^0.1.13"
  checksum: 10/f040ca4262c53214f7236fb5c04612fd29ec8f41b55e3e2e9ae97748b64827bf4a1c9be03593ce98fbb4838a6eb954e9b40b77900776d1a208aede518543d528
  languageName: node
  linkType: hard

"@jridgewell/resolve-uri@npm:^3.0.3":
  version: 3.1.0
  resolution: "@jridgewell/resolve-uri@npm:3.1.0"
  checksum: 10/320ceb37af56953757b28e5b90c34556157676d41e3d0a3ff88769274d62373582bb0f0276a4f2d29c3f4fdd55b82b8be5731f52d391ad2ecae9b321ee1c742d
  languageName: node
  linkType: hard

"@jridgewell/sourcemap-codec@npm:^1.4.10":
  version: 1.4.14
  resolution: "@jridgewell/sourcemap-codec@npm:1.4.14"
  checksum: 10/26e768fae6045481a983e48aa23d8fcd23af5da70ebd74b0649000e815e7fbb01ea2bc088c9176b3fffeb9bec02184e58f46125ef3320b30eaa1f4094cfefa38
  languageName: node
  linkType: hard

"@jridgewell/trace-mapping@npm:0.3.9":
  version: 0.3.9
  resolution: "@jridgewell/trace-mapping@npm:0.3.9"
  dependencies:
    "@jridgewell/resolve-uri": "npm:^3.0.3"
    "@jridgewell/sourcemap-codec": "npm:^1.4.10"
  checksum: 10/83deafb8e7a5ca98993c2c6eeaa93c270f6f647a4c0dc00deb38c9cf9b2d3b7bf15e8839540155247ef034a052c0ec4466f980bf0c9e2ab63b97d16c0cedd3ff
  languageName: node
  linkType: hard

"@protobufjs/aspromise@npm:^1.1.1, @protobufjs/aspromise@npm:^1.1.2":
  version: 1.1.2
  resolution: "@protobufjs/aspromise@npm:1.1.2"
  checksum: 10/8a938d84fe4889411296db66b29287bd61ea3c14c2d23e7a8325f46a2b8ce899857c5f038d65d7641805e6c1d06b495525c7faf00c44f85a7ee6476649034969
  languageName: node
  linkType: hard

"@protobufjs/base64@npm:^1.1.2":
  version: 1.1.2
  resolution: "@protobufjs/base64@npm:1.1.2"
  checksum: 10/c71b100daeb3c9bdccab5cbc29495b906ba0ae22ceedc200e1ba49717d9c4ab15a6256839cebb6f9c6acae4ed7c25c67e0a95e734f612b258261d1a3098fe342
  languageName: node
  linkType: hard

"@protobufjs/codegen@npm:^2.0.4":
  version: 2.0.4
  resolution: "@protobufjs/codegen@npm:2.0.4"
  checksum: 10/c6ee5fa172a8464f5253174d3c2353ea520c2573ad7b6476983d9b1346f4d8f2b44aa29feb17a949b83c1816bc35286a5ea265ed9d8fdd2865acfa09668c0447
  languageName: node
  linkType: hard

"@protobufjs/eventemitter@npm:^1.1.0":
  version: 1.1.0
  resolution: "@protobufjs/eventemitter@npm:1.1.0"
  checksum: 10/03af3e99f17ad421283d054c88a06a30a615922a817741b43ca1b13e7c6b37820a37f6eba9980fb5150c54dba6e26cb6f7b64a6f7d8afa83596fafb3afa218c3
  languageName: node
  linkType: hard

"@protobufjs/fetch@npm:^1.1.0":
  version: 1.1.0
  resolution: "@protobufjs/fetch@npm:1.1.0"
  dependencies:
    "@protobufjs/aspromise": "npm:^1.1.1"
    "@protobufjs/inquire": "npm:^1.1.0"
  checksum: 10/67ae40572ad536e4ef94269199f252c024b66e3059850906bdaee161ca1d75c73d04d35cd56f147a8a5a079f5808e342b99e61942c1dae15604ff0600b09a958
  languageName: node
  linkType: hard

"@protobufjs/float@npm:^1.0.2":
  version: 1.0.2
  resolution: "@protobufjs/float@npm:1.0.2"
  checksum: 10/634c2c989da0ef2f4f19373d64187e2a79f598c5fb7991afb689d29a2ea17c14b796b29725945fa34b9493c17fb799e08ac0a7ccaae460ee1757d3083ed35187
  languageName: node
  linkType: hard

"@protobufjs/inquire@npm:^1.1.0":
  version: 1.1.0
  resolution: "@protobufjs/inquire@npm:1.1.0"
  checksum: 10/c09efa34a5465cb120775e1a482136f2340a58b4abce7e93d72b8b5a9324a0e879275016ef9fcd73d72a4731639c54f2bb755bb82f916e4a78892d1d840bb3d2
  languageName: node
  linkType: hard

"@protobufjs/path@npm:^1.1.2":
  version: 1.1.2
  resolution: "@protobufjs/path@npm:1.1.2"
  checksum: 10/bb709567935fd385a86ad1f575aea98131bbd719c743fb9b6edd6b47ede429ff71a801cecbd64fc72deebf4e08b8f1bd8062793178cdaed3713b8d15771f9b83
  languageName: node
  linkType: hard

"@protobufjs/pool@npm:^1.1.0":
  version: 1.1.0
  resolution: "@protobufjs/pool@npm:1.1.0"
  checksum: 10/b9c7047647f6af28e92aac54f6f7c1f7ff31b201b4bfcc7a415b2861528854fce3ec666d7e7e10fd744da905f7d4aef2205bbcc8944ca0ca7a82e18134d00c46
  languageName: node
  linkType: hard

"@protobufjs/utf8@npm:^1.1.0":
  version: 1.1.0
  resolution: "@protobufjs/utf8@npm:1.1.0"
  checksum: 10/131e289c57534c1d73a0e55782d6751dd821db1583cb2f7f7e017c9d6747addaebe79f28120b2e0185395d990aad347fb14ffa73ef4096fa38508d61a0e64602
  languageName: node
  linkType: hard

"@tsconfig/node10@npm:^1.0.7":
  version: 1.0.9
  resolution: "@tsconfig/node10@npm:1.0.9"
  checksum: 10/a33ae4dc2a621c0678ac8ac4bceb8e512ae75dac65417a2ad9b022d9b5411e863c4c198b6ba9ef659e14b9fb609bbec680841a2e84c1172df7a5ffcf076539df
  languageName: node
  linkType: hard

"@tsconfig/node12@npm:^1.0.7":
  version: 1.0.11
  resolution: "@tsconfig/node12@npm:1.0.11"
  checksum: 10/5ce29a41b13e7897a58b8e2df11269c5395999e588b9a467386f99d1d26f6c77d1af2719e407621412520ea30517d718d5192a32403b8dfcc163bf33e40a338a
  languageName: node
  linkType: hard

"@tsconfig/node14@npm:^1.0.0":
  version: 1.0.3
  resolution: "@tsconfig/node14@npm:1.0.3"
  checksum: 10/19275fe80c4c8d0ad0abed6a96dbf00642e88b220b090418609c4376e1cef81bf16237bf170ad1b341452feddb8115d8dd2e5acdfdea1b27422071163dc9ba9d
  languageName: node
  linkType: hard

"@tsconfig/node16@npm:^1.0.2":
  version: 1.0.3
  resolution: "@tsconfig/node16@npm:1.0.3"
  checksum: 10/3a8b657dd047495b7ad23437d6afd20297ce90380ff0bdee93fc7d39a900dbd8d9e26e53ff6b465e7967ce2adf0b218782590ce9013285121e6a5928fbd6819f
  languageName: node
  linkType: hard

"@types/accepts@npm:*":
  version: 1.3.5
  resolution: "@types/accepts@npm:1.3.5"
  dependencies:
    "@types/node": "npm:*"
  checksum: 10/3984edd631d9e308ef10286454a05e2388812a740d404abf93522a3bc3d10032ae6a60816e8cc4ae1bc96367db39e543d3ef862944cea53d1eea48be1f624fc2
  languageName: node
  linkType: hard

"@types/body-parser@npm:*":
  version: 1.19.2
  resolution: "@types/body-parser@npm:1.19.2"
  dependencies:
    "@types/connect": "npm:*"
    "@types/node": "npm:*"
  checksum: 10/e17840c7d747a549f00aebe72c89313d09fbc4b632b949b2470c5cb3b1cb73863901ae84d9335b567a79ec5efcfb8a28ff8e3f36bc8748a9686756b6d5681f40
  languageName: node
  linkType: hard

"@types/connect@npm:*":
  version: 3.4.35
  resolution: "@types/connect@npm:3.4.35"
  dependencies:
    "@types/node": "npm:*"
  checksum: 10/fe81351470f2d3165e8b12ce33542eef89ea893e36dd62e8f7d72566dfb7e448376ae962f9f3ea888547ce8b55a40020ca0e01d637fab5d99567673084542641
  languageName: node
  linkType: hard

"@types/content-disposition@npm:*":
  version: 0.5.5
  resolution: "@types/content-disposition@npm:0.5.5"
  checksum: 10/fdf7379db1d509990bcf9a21d85f05aad878596f28b1418f9179f6436cb22513262c670ce88c6055054a7f5804a9303eeacb70aa59a5e11ffdc1434559db9692
  languageName: node
  linkType: hard

"@types/cookies@npm:*":
  version: 0.7.7
  resolution: "@types/cookies@npm:0.7.7"
  dependencies:
    "@types/connect": "npm:*"
    "@types/express": "npm:*"
    "@types/keygrip": "npm:*"
    "@types/node": "npm:*"
  checksum: 10/0571f0f1da070c5df3fca2ec35092b137a6ceb6cfbad4094a7d185e6e0fff6abfd53ad96d1b9e6abe3ff2c0d0232afb20c459b784614877c7c5d05057dc6f528
  languageName: node
  linkType: hard

"@types/express-serve-static-core@npm:^4.17.18":
  version: 4.17.31
  resolution: "@types/express-serve-static-core@npm:4.17.31"
  dependencies:
    "@types/node": "npm:*"
    "@types/qs": "npm:*"
    "@types/range-parser": "npm:*"
  checksum: 10/020210f32d12fa4848d686e3acb98bc35dcec3ade16ae857e99005ac808aa07e1e1a909fdf4f1f2033159afb3eec3622811ac4cb82fa41553c714d9fa35fb77a
  languageName: node
  linkType: hard

"@types/express@npm:*":
  version: 4.17.14
  resolution: "@types/express@npm:4.17.14"
  dependencies:
    "@types/body-parser": "npm:*"
    "@types/express-serve-static-core": "npm:^4.17.18"
    "@types/qs": "npm:*"
    "@types/serve-static": "npm:*"
  checksum: 10/293e53a7572ef93f70c830a0b1d620b5e16670509bb91e800393a67e7f41f170478809d862deed0edf573fc1afc3a6f7fc99ed176a28c0d8dd3f07c433f88672
  languageName: node
  linkType: hard

"@types/http-assert@npm:*":
  version: 1.5.3
  resolution: "@types/http-assert@npm:1.5.3"
  checksum: 10/9553e5a0b8bcfdac4b51d3fa3b89a91b5450171861a667a5b4c47204e0f4a1ca865d97396e6ceaf220e87b64d06b7a8bad7bfba15ef97acb41a87507c9940dbc
  languageName: node
  linkType: hard

"@types/http-errors@npm:*":
  version: 2.0.1
  resolution: "@types/http-errors@npm:2.0.1"
  checksum: 10/3bb0c50b0a652e679a84c30cd0340d696c32ef6558518268c238840346c077f899315daaf1c26c09c57ddd5dc80510f2a7f46acd52bf949e339e35ed3ee9654f
  languageName: node
  linkType: hard

"@types/keygrip@npm:*":
  version: 1.0.2
  resolution: "@types/keygrip@npm:1.0.2"
  checksum: 10/60bc2738a4f107070ee3d96f44709cb38f3a96c7ccabab09f56c1b2b4d85f869fd8fb9f1f2937e863d0e9e781f005c2223b823bf32b859185b4f52370c352669
  languageName: node
  linkType: hard

"@types/koa-bodyparser@npm:^4.3.10":
  version: 4.3.10
  resolution: "@types/koa-bodyparser@npm:4.3.10"
  dependencies:
    "@types/koa": "npm:*"
  checksum: 10/4b4cd176815a6c1fb0d593bfea03de1285e606d3a96e56ad3691144e35061750ed95e4ecf2ff8e25599d360a93646e29dbb167fdfaaa73ccf87ca5b6141ff0db
  languageName: node
  linkType: hard

"@types/koa-compose@npm:*":
  version: 3.2.5
  resolution: "@types/koa-compose@npm:3.2.5"
  dependencies:
    "@types/koa": "npm:*"
  checksum: 10/0f46016227c9d17fd4ff5fb1fbec7f658a95dbf36f15e08d4f3aae8f24599c8069cadff6c2d6af5350d56e4c234b634066636bb2eaa216d5c29f453858c1f798
  languageName: node
  linkType: hard

"@types/koa-router@npm:^7.4.4":
  version: 7.4.4
  resolution: "@types/koa-router@npm:7.4.4"
  dependencies:
    "@types/koa": "npm:*"
  checksum: 10/9fde5d7cc2897b7df3341cfbfcd3814fe1e956c16ef388090510d0355a60fb1877731ff2a5adb0c4eb43c376c77271b79f561b54b6c3ba39a6510efb1d31b383
  languageName: node
  linkType: hard

"@types/koa@npm:*, @types/koa@npm:^2.13.5":
  version: 2.13.5
  resolution: "@types/koa@npm:2.13.5"
  dependencies:
    "@types/accepts": "npm:*"
    "@types/content-disposition": "npm:*"
    "@types/cookies": "npm:*"
    "@types/http-assert": "npm:*"
    "@types/http-errors": "npm:*"
    "@types/keygrip": "npm:*"
    "@types/koa-compose": "npm:*"
    "@types/node": "npm:*"
  checksum: 10/1c7b1ff5d5d482d8459c59c9901917aaf503440307825bfe935ea6baba1ce686c8e9671dbcec82bea199bb8d7f78ab145b610cd59dec04fa2e259387679f6e22
  languageName: node
  linkType: hard

"@types/mime@npm:*":
  version: 3.0.1
  resolution: "@types/mime@npm:3.0.1"
  checksum: 10/4040fac73fd0cea2460e29b348c1a6173da747f3a87da0dbce80dd7a9355a3d0e51d6d9a401654f3e5550620e3718b5a899b2ec1debf18424e298a2c605346e7
  languageName: node
  linkType: hard

"@types/node@npm:*":
  version: 18.11.9
  resolution: "@types/node@npm:18.11.9"
  checksum: 10/d87a947519d8c1569b812a95cd18383f7a1500204c18454b69ba817f4aef2a563bb925432debcab25a3db1ba116c8ddb1ef79d8fded054fb3866424847325bae
  languageName: node
  linkType: hard

"@types/node@npm:>=13.7.0":
  version: 18.16.2
  resolution: "@types/node@npm:18.16.2"
  checksum: 10/9ce86cfc32efd9434b793cfd38a986e1f9294d488a4e9cd3fd395a997cd4ebb710dadff9ce8a738b4962bfcfd82d96a85a14264c217e4c0b2bf939bbc2c63a3b
  languageName: node
  linkType: hard

"@types/qs@npm:*":
  version: 6.9.7
  resolution: "@types/qs@npm:6.9.7"
  checksum: 10/7fd6f9c25053e9b5bb6bc9f9f76c1d89e6c04f7707a7ba0e44cc01f17ef5284adb82f230f542c2d5557d69407c9a40f0f3515e8319afd14e1e16b5543ac6cdba
  languageName: node
  linkType: hard

"@types/range-parser@npm:*":
  version: 1.2.4
  resolution: "@types/range-parser@npm:1.2.4"
  checksum: 10/b7c0dfd5080a989d6c8bb0b6750fc0933d9acabeb476da6fe71d8bdf1ab65e37c136169d84148034802f48378ab94e3c37bb4ef7656b2bec2cb9c0f8d4146a95
  languageName: node
  linkType: hard

"@types/serve-static@npm:*":
  version: 1.15.0
  resolution: "@types/serve-static@npm:1.15.0"
  dependencies:
    "@types/mime": "npm:*"
    "@types/node": "npm:*"
  checksum: 10/5f2f36a8f5970e350c19a2bfac385f0a225e16b5cc9a2441e8b01df32f2f5cb0f2950da53f67579f77c52236b3580909c3fe83d50d64fb56b216ea0a67c1d12b
  languageName: node
  linkType: hard

"@types/validator@npm:^13.11.8":
  version: 13.11.9
  resolution: "@types/validator@npm:13.11.9"
  checksum: 10/2d397c69293cc726e0cf1b4c74c563ca4e459b00f216f3ff0ac184c9648103be27169e8c67f85be9c6e7a3fcbb149c6add66a2547b185a1b25aa79e4b61261bd
  languageName: node
  linkType: hard

"accepts@npm:^1.3.5":
  version: 1.3.8
  resolution: "accepts@npm:1.3.8"
  dependencies:
    mime-types: "npm:~2.1.34"
    negotiator: "npm:0.6.3"
  checksum: 10/67eaaa90e2917c58418e7a9b89392002d2b1ccd69bcca4799135d0c632f3b082f23f4ae4ddeedbced5aa59bcc7bdf4699c69ebed4593696c922462b7bc5744d6
  languageName: node
  linkType: hard

"acorn-walk@npm:^8.1.1":
  version: 8.2.0
  resolution: "acorn-walk@npm:8.2.0"
  checksum: 10/e69f7234f2adfeb16db3671429a7c80894105bd7534cb2032acf01bb26e6a847952d11a062d071420b43f8d82e33d2e57f26fe87d9cce0853e8143d8910ff1de
  languageName: node
  linkType: hard

"acorn@npm:^8.4.1":
  version: 8.8.1
  resolution: "acorn@npm:8.8.1"
  bin:
    acorn: bin/acorn
  checksum: 10/c77a64b3b695f9e5f0164794462ce7c1909acc1f7d39dcb3f9fce99e82163190e73dab689076ff9eea200505985cbd95f114c4ce1466055baf86a368d5e28bde
  languageName: node
  linkType: hard

"arg@npm:^4.1.0":
  version: 4.1.3
  resolution: "arg@npm:4.1.3"
  checksum: 10/969b491082f20cad166649fa4d2073ea9e974a4e5ac36247ca23d2e5a8b3cb12d60e9ff70a8acfe26d76566c71fd351ee5e6a9a6595157eb36f92b1fd64e1599
  languageName: node
  linkType: hard

"bytes@npm:3.1.2":
  version: 3.1.2
  resolution: "bytes@npm:3.1.2"
  checksum: 10/a10abf2ba70c784471d6b4f58778c0beeb2b5d405148e66affa91f23a9f13d07603d0a0354667310ae1d6dc141474ffd44e2a074be0f6e2254edb8fc21445388
  languageName: node
  linkType: hard

"cache-content-type@npm:^1.0.0":
  version: 1.0.1
  resolution: "cache-content-type@npm:1.0.1"
  dependencies:
    mime-types: "npm:^2.1.18"
    ylru: "npm:^1.2.0"
  checksum: 10/18db4d59452669ccbfd7146a1510a37eb28e9eccf18ca7a4eb603dff2edc5cccdca7498fc3042a2978f76f11151fba486eb9eb69d9afa3fb124957870aef4fd3
  languageName: node
  linkType: hard

"call-bind@npm:^1.0.0":
  version: 1.0.2
  resolution: "call-bind@npm:1.0.2"
  dependencies:
    function-bind: "npm:^1.1.1"
    get-intrinsic: "npm:^1.0.2"
  checksum: 10/ca787179c1cbe09e1697b56ad499fd05dc0ae6febe5081d728176ade699ea6b1589240cb1ff1fe11fcf9f61538c1af60ad37e8eb2ceb4ef21cd6085dfd3ccedd
  languageName: node
  linkType: hard

"class-transformer@npm:0.5.1":
  version: 0.5.1
  resolution: "class-transformer@npm:0.5.1"
  checksum: 10/750327e3e9a5cf233c5234252f4caf6b06c437bf68a24acbdcfb06c8e0bfff7aa97c30428184813e38e08111b42871f20c5cf669ea4490f8ae837c09f08b31e7
  languageName: node
  linkType: hard

"class-validator@npm:0.14.1":
  version: 0.14.1
  resolution: "class-validator@npm:0.14.1"
  dependencies:
    "@types/validator": "npm:^13.11.8"
    libphonenumber-js: "npm:^1.10.53"
    validator: "npm:^13.9.0"
  checksum: 10/0c34592a1cbdd5e9c35cd02f4babd94120339e875fc7627aa2bf5dffb45ecc373275e854389c6ff3d39781cddb85a18193b4e9e8f4d77d6d90e445fd0b8b8e11
  languageName: node
  linkType: hard

"co-body@npm:^6.0.0":
  version: 6.1.0
  resolution: "co-body@npm:6.1.0"
  dependencies:
    inflation: "npm:^2.0.0"
    qs: "npm:^6.5.2"
    raw-body: "npm:^2.3.3"
    type-is: "npm:^1.6.16"
  checksum: 10/2484710f70941b42512a349fab0fac8a16430fd56d88ad0de1d8dde129d66597de9d0a8edd8d8164683c55a3fd998457dc74a04a03de2281def8abaaecd1317e
  languageName: node
  linkType: hard

"co@npm:^4.6.0":
  version: 4.6.0
  resolution: "co@npm:4.6.0"
  checksum: 10/a5d9f37091c70398a269e625cedff5622f200ed0aa0cff22ee7b55ed74a123834b58711776eb0f1dc58eb6ebbc1185aa7567b57bd5979a948c6e4f85073e2c05
  languageName: node
  linkType: hard

"content-disposition@npm:~0.5.2":
  version: 0.5.4
  resolution: "content-disposition@npm:0.5.4"
  dependencies:
    safe-buffer: "npm:5.2.1"
  checksum: 10/b7f4ce176e324f19324be69b05bf6f6e411160ac94bc523b782248129eb1ef3be006f6cff431aaea5e337fe5d176ce8830b8c2a1b721626ead8933f0cbe78720
  languageName: node
  linkType: hard

"content-type@npm:^1.0.4":
  version: 1.0.4
  resolution: "content-type@npm:1.0.4"
  checksum: 10/5ea85c5293475c0cdf2f84e2c71f0519ced565840fb8cbda35997cb67cc45b879d5b9dbd37760c4041ca7415a3687f8a5f2f87b556b2aaefa49c0f3436a346d4
  languageName: node
  linkType: hard

"cookies@npm:~0.8.0":
  version: 0.8.0
  resolution: "cookies@npm:0.8.0"
  dependencies:
    depd: "npm:~2.0.0"
    keygrip: "npm:~1.1.0"
  checksum: 10/5da4d72ba81c2740511751ac8ea9506e10e2366b9ad3360333581e4667fd8d063d02c5be0bef16177de3e366b8128ed2b72921e2952c79cbca084d177e529bba
  languageName: node
  linkType: hard

"copy-to@npm:^2.0.1":
  version: 2.0.1
  resolution: "copy-to@npm:2.0.1"
  checksum: 10/05ea12875bdc96ae053a3b30148e9d992026035ff2bfcc0b615e8d49d1cf8fc3d1f40843f9a4b7b1b6d9118eeebcba31e621076d7de525828aa9c07d22a81dab
  languageName: node
  linkType: hard

"create-require@npm:^1.1.0":
  version: 1.1.1
  resolution: "create-require@npm:1.1.1"
  checksum: 10/a9a1503d4390d8b59ad86f4607de7870b39cad43d929813599a23714831e81c520bddf61bcdd1f8e30f05fd3a2b71ae8538e946eb2786dc65c2bbc520f692eff
  languageName: node
  linkType: hard

"cross-fetch@npm:^4.0.0":
  version: 4.0.0
  resolution: "cross-fetch@npm:4.0.0"
  dependencies:
    node-fetch: "npm:^2.6.12"
  checksum: 10/e231a71926644ef122d334a3a4e73d9ba3ba4b480a8a277fb9badc434c1ba905b3d60c8034e18b348361a09afbec40ba9371036801ba2b675a7b84588f9f55d8
  languageName: node
  linkType: hard

"debug@npm:^4.3.2":
  version: 4.3.4
  resolution: "debug@npm:4.3.4"
  dependencies:
    ms: "npm:2.1.2"
  peerDependenciesMeta:
    supports-color:
      optional: true
  checksum: 10/0073c3bcbd9cb7d71dd5f6b55be8701af42df3e56e911186dfa46fac3a5b9eb7ce7f377dd1d3be6db8977221f8eb333d945216f645cf56f6b688cd484837d255
  languageName: node
  linkType: hard

"deep-equal@npm:~1.0.1":
  version: 1.0.1
  resolution: "deep-equal@npm:1.0.1"
  checksum: 10/cbecc071afb2891334ced9e9de5834889b9a9992ae8d8369b7eb74c513529eb6d1f6c04d4e2b5f34d8386f7816cd7a6cda45edff847695faea45e43c23973f45
  languageName: node
  linkType: hard

"delegates@npm:^1.0.0":
  version: 1.0.0
  resolution: "delegates@npm:1.0.0"
  checksum: 10/a51744d9b53c164ba9c0492471a1a2ffa0b6727451bdc89e31627fdf4adda9d51277cfcbfb20f0a6f08ccb3c436f341df3e92631a3440226d93a8971724771fd
  languageName: node
  linkType: hard

"depd@npm:2.0.0, depd@npm:^2.0.0, depd@npm:~2.0.0":
  version: 2.0.0
  resolution: "depd@npm:2.0.0"
  checksum: 10/c0c8ff36079ce5ada64f46cc9d6fd47ebcf38241105b6e0c98f412e8ad91f084bcf906ff644cc3a4bd876ca27a62accb8b0fff72ea6ed1a414b89d8506f4a5ca
  languageName: node
  linkType: hard

"depd@npm:~1.1.2":
  version: 1.1.2
  resolution: "depd@npm:1.1.2"
  checksum: 10/2ed6966fc14463a9e85451db330ab8ba041efed0b9a1a472dbfc6fbf2f82bab66491915f996b25d8517dddc36c8c74e24c30879b34877f3c4410733444a51d1d
  languageName: node
  linkType: hard

"destroy@npm:^1.0.4":
  version: 1.2.0
  resolution: "destroy@npm:1.2.0"
  checksum: 10/0acb300b7478a08b92d810ab229d5afe0d2f4399272045ab22affa0d99dbaf12637659411530a6fcd597a9bdac718fc94373a61a95b4651bbc7b83684a565e38
  languageName: node
  linkType: hard

"diff@npm:^4.0.1":
  version: 4.0.2
  resolution: "diff@npm:4.0.2"
  checksum: 10/ec09ec2101934ca5966355a229d77afcad5911c92e2a77413efda5455636c4cf2ce84057e2d7715227a2eeeda04255b849bd3ae3a4dd22eb22e86e76456df069
  languageName: node
  linkType: hard

"ee-first@npm:1.1.1":
  version: 1.1.1
  resolution: "ee-first@npm:1.1.1"
  checksum: 10/1b4cac778d64ce3b582a7e26b218afe07e207a0f9bfe13cc7395a6d307849cfe361e65033c3251e00c27dd060cab43014c2d6b2647676135e18b77d2d05b3f4f
  languageName: node
  linkType: hard

"encodeurl@npm:^1.0.2":
  version: 1.0.2
  resolution: "encodeurl@npm:1.0.2"
  checksum: 10/e50e3d508cdd9c4565ba72d2012e65038e5d71bdc9198cb125beb6237b5b1ade6c0d343998da9e170fb2eae52c1bed37d4d6d98a46ea423a0cddbed5ac3f780c
  languageName: node
  linkType: hard

"escape-html@npm:^1.0.3":
  version: 1.0.3
  resolution: "escape-html@npm:1.0.3"
  checksum: 10/6213ca9ae00d0ab8bccb6d8d4e0a98e76237b2410302cf7df70aaa6591d509a2a37ce8998008cbecae8fc8ffaadf3fb0229535e6a145f3ce0b211d060decbb24
  languageName: node
  linkType: hard

"eventsource@npm:^2.0.2":
  version: 2.0.2
  resolution: "eventsource@npm:2.0.2"
  checksum: 10/e1c4c3664cebf9efdd55c90818ef847099f298bf521768d479cf22d8a681e666b3042de85327711ba6a8414ac6a04c70d2aeb4f405bba8239a8c36e06a019374
  languageName: node
  linkType: hard

"fetch-retry@npm:^5.0.6":
  version: 5.0.6
  resolution: "fetch-retry@npm:5.0.6"
  checksum: 10/9d64b37f9d179fecf486725ada210d169375803b731304a9500754e094a2a6aa81630d946adbb313d7f9d54457ad0d17c3ed5c115034961a719e8a65faa8b77c
  languageName: node
  linkType: hard

"fresh@npm:~0.5.2":
  version: 0.5.2
  resolution: "fresh@npm:0.5.2"
  checksum: 10/64c88e489b5d08e2f29664eb3c79c705ff9a8eb15d3e597198ef76546d4ade295897a44abb0abd2700e7ef784b2e3cbf1161e4fbf16f59129193fd1030d16da1
  languageName: node
  linkType: hard

"function-bind@npm:^1.1.1":
  version: 1.1.1
  resolution: "function-bind@npm:1.1.1"
  checksum: 10/d83f2968030678f0b8c3f2183d63dcd969344eb8b55b4eb826a94ccac6de8b87c95bebffda37a6386c74f152284eb02956ff2c496897f35d32bdc2628ac68ac5
  languageName: node
  linkType: hard

"get-intrinsic@npm:^1.0.2":
  version: 1.1.3
  resolution: "get-intrinsic@npm:1.1.3"
  dependencies:
    function-bind: "npm:^1.1.1"
    has: "npm:^1.0.3"
    has-symbols: "npm:^1.0.3"
  checksum: 10/ab4d7d83d6d08036d197291927442d1c05d5329484f8bdcdf895f5d6ecf158ec99a8ccd9f548bcfe917382ea3b74a423bdf5bee03f5c166359045d2f8a24c7a5
  languageName: node
  linkType: hard

"has-symbols@npm:^1.0.2, has-symbols@npm:^1.0.3":
  version: 1.0.3
  resolution: "has-symbols@npm:1.0.3"
  checksum: 10/464f97a8202a7690dadd026e6d73b1ceeddd60fe6acfd06151106f050303eaa75855aaa94969df8015c11ff7c505f196114d22f7386b4a471038da5874cf5e9b
  languageName: node
  linkType: hard

"has-tostringtag@npm:^1.0.0":
  version: 1.0.0
  resolution: "has-tostringtag@npm:1.0.0"
  dependencies:
    has-symbols: "npm:^1.0.2"
  checksum: 10/95546e7132efc895a9ae64a8a7cf52588601fc3d52e0304ed228f336992cdf0baaba6f3519d2655e560467db35a1ed79f6420c286cc91a13aa0647a31ed92570
  languageName: node
  linkType: hard

"has@npm:^1.0.3":
  version: 1.0.3
  resolution: "has@npm:1.0.3"
  dependencies:
    function-bind: "npm:^1.1.1"
  checksum: 10/a449f3185b1d165026e8d25f6a8c3390bd25c201ff4b8c1aaf948fc6a5fcfd6507310b8c00c13a3325795ea9791fcc3d79d61eafa313b5750438fc19183df57b
  languageName: node
  linkType: hard

"http-assert@npm:^1.3.0":
  version: 1.5.0
  resolution: "http-assert@npm:1.5.0"
  dependencies:
    deep-equal: "npm:~1.0.1"
    http-errors: "npm:~1.8.0"
  checksum: 10/69c9b3c14cf8b2822916360a365089ce936c883c49068f91c365eccba5c141a9964d19fdda589150a480013bf503bf37d8936c732e9635819339e730ab0e7527
  languageName: node
  linkType: hard

"http-errors@npm:2.0.0, http-errors@npm:^2.0.0":
  version: 2.0.0
  resolution: "http-errors@npm:2.0.0"
  dependencies:
    depd: "npm:2.0.0"
    inherits: "npm:2.0.4"
    setprototypeof: "npm:1.2.0"
    statuses: "npm:2.0.1"
    toidentifier: "npm:1.0.1"
  checksum: 10/0e7f76ee8ff8a33e58a3281a469815b893c41357378f408be8f6d4aa7d1efafb0da064625518e7078381b6a92325949b119dc38fcb30bdbc4e3a35f78c44c439
  languageName: node
  linkType: hard

"http-errors@npm:^1.6.3, http-errors@npm:~1.8.0":
  version: 1.8.1
  resolution: "http-errors@npm:1.8.1"
  dependencies:
    depd: "npm:~1.1.2"
    inherits: "npm:2.0.4"
    setprototypeof: "npm:1.2.0"
    statuses: "npm:>= 1.5.0 < 2"
    toidentifier: "npm:1.0.1"
  checksum: 10/76fc491bd8df2251e21978e080d5dae20d9736cfb29bb72b5b76ec1bcebb1c14f0f58a3a128dd89288934379d2173cfb0421c571d54103e93dd65ef6243d64d8
  languageName: node
  linkType: hard

"iconv-lite@npm:0.4.24":
  version: 0.4.24
  resolution: "iconv-lite@npm:0.4.24"
  dependencies:
    safer-buffer: "npm:>= 2.1.2 < 3"
  checksum: 10/6d3a2dac6e5d1fb126d25645c25c3a1209f70cceecc68b8ef51ae0da3cdc078c151fade7524a30b12a3094926336831fca09c666ef55b37e2c69638b5d6bd2e3
  languageName: node
  linkType: hard

"inflation@npm:^2.0.0":
  version: 2.0.0
  resolution: "inflation@npm:2.0.0"
  checksum: 10/a0494871b12275afdef9e2710ee1af1e0fc642b04613a9be69c05ef8b5e9627f3bd7d358a937fa47aa20235ee7313a4f30255048533add0ad4918beb918a586e
  languageName: node
  linkType: hard

"inherits@npm:2.0.4":
  version: 2.0.4
  resolution: "inherits@npm:2.0.4"
  checksum: 10/cd45e923bee15186c07fa4c89db0aace24824c482fb887b528304694b2aa6ff8a898da8657046a5dcf3e46cd6db6c61629551f9215f208d7c3f157cf9b290521
  languageName: node
  linkType: hard

"is-generator-function@npm:^1.0.7":
  version: 1.0.10
  resolution: "is-generator-function@npm:1.0.10"
  dependencies:
    has-tostringtag: "npm:^1.0.0"
  checksum: 10/499a3ce6361064c3bd27fbff5c8000212d48506ebe1977842bbd7b3e708832d0deb1f4cc69186ece3640770e8c4f1287b24d99588a0b8058b2dbdd344bc1f47f
  languageName: node
  linkType: hard

"iso-639-1@npm:^2.1.13":
  version: 2.1.15
  resolution: "iso-639-1@npm:2.1.15"
  checksum: 10/32f6cfdfa5e85eef54cb2df77829e6678e9479e9b6a7fdb7e75ba0005957d4da35ff315b69c354e216ba46044e4437b1823362d27dff14bcefbb408b2a66e2f8
  languageName: node
  linkType: hard

"keygrip@npm:~1.1.0":
  version: 1.1.0
  resolution: "keygrip@npm:1.1.0"
  dependencies:
    tsscmp: "npm:1.0.6"
  checksum: 10/078cd16a463d187121f0a27c1c9c95c52ad392b620f823431689f345a0501132cee60f6e96914b07d570105af470b96960402accd6c48a0b1f3cd8fac4fa2cae
  languageName: node
  linkType: hard

"koa-bodyparser@npm:^4.3.0":
  version: 4.3.0
  resolution: "koa-bodyparser@npm:4.3.0"
  dependencies:
    co-body: "npm:^6.0.0"
    copy-to: "npm:^2.0.1"
  checksum: 10/c227fe0fb5a55b98fc91d865e80229b60178d216d53b732b07833eb38f48a7ed6aa768a083bc06e359db33298547e9a65842fbe9d3f0fdaf5149fe0becafc88f
  languageName: node
  linkType: hard

"koa-compose@npm:^4.1.0":
  version: 4.1.0
  resolution: "koa-compose@npm:4.1.0"
  checksum: 10/46cb16792d96425e977c2ae4e5cb04930280740e907242ec9c25e3fb8b4a1d7b54451d7432bc24f40ec62255edea71894d2ceeb8238501842b4e48014f2e83db
  languageName: node
  linkType: hard

"koa-convert@npm:^2.0.0":
  version: 2.0.0
  resolution: "koa-convert@npm:2.0.0"
  dependencies:
    co: "npm:^4.6.0"
    koa-compose: "npm:^4.1.0"
  checksum: 10/7385b3391995f59c1312142e110d5dff677f9850dbfbcf387cd36a7b0af03b5d26e82b811eb9bb008b4f3e661cdab1f8817596e46b1929da2cf6e97a2f7456ed
  languageName: node
  linkType: hard

"koa-router@npm:^12.0.0":
  version: 12.0.0
  resolution: "koa-router@npm:12.0.0"
  dependencies:
    http-errors: "npm:^2.0.0"
    koa-compose: "npm:^4.1.0"
    methods: "npm:^1.1.2"
    path-to-regexp: "npm:^6.2.1"
  checksum: 10/4f898b40316cce7ab700c239429f057030cb35cd023c0a619d30ade4c9590c25acd9aace4466f022ca87d366fd0ba95b0e3ff7e2669397110c304dd66cb7117c
  languageName: node
  linkType: hard

"koa@npm:^2.13.4":
  version: 2.13.4
  resolution: "koa@npm:2.13.4"
  dependencies:
    accepts: "npm:^1.3.5"
    cache-content-type: "npm:^1.0.0"
    content-disposition: "npm:~0.5.2"
    content-type: "npm:^1.0.4"
    cookies: "npm:~0.8.0"
    debug: "npm:^4.3.2"
    delegates: "npm:^1.0.0"
    depd: "npm:^2.0.0"
    destroy: "npm:^1.0.4"
    encodeurl: "npm:^1.0.2"
    escape-html: "npm:^1.0.3"
    fresh: "npm:~0.5.2"
    http-assert: "npm:^1.3.0"
    http-errors: "npm:^1.6.3"
    is-generator-function: "npm:^1.0.7"
    koa-compose: "npm:^4.1.0"
    koa-convert: "npm:^2.0.0"
    on-finished: "npm:^2.3.0"
    only: "npm:~0.0.2"
    parseurl: "npm:^1.3.2"
    statuses: "npm:^1.5.0"
    type-is: "npm:^1.6.16"
    vary: "npm:^1.1.2"
  checksum: 10/5ddd5a08dcfc17f87a90fd8717a158f6f42ac8113d8328d487cbdb1cf73797e9be199e1b1c5f67c9b6e5f0daef96654fb94ed244dea5500d8197b0f81f2dc652
  languageName: node
  linkType: hard

"libphonenumber-js@npm:^1.10.53":
  version: 1.10.55
  resolution: "libphonenumber-js@npm:1.10.55"
  checksum: 10/a249458ada40263d938f328bf8b91907c3e66333dd4d0d177d31ce0bcdcc787c1a9bd39611a3cd8815519af64008e1f1858495897396e02085da42ee0495536f
  languageName: node
  linkType: hard

"lodash@npm:^4.17.21":
  version: 4.17.21
  resolution: "lodash@npm:4.17.21"
  checksum: 10/c08619c038846ea6ac754abd6dd29d2568aa705feb69339e836dfa8d8b09abbb2f859371e86863eda41848221f9af43714491467b5b0299122431e202bb0c532
  languageName: node
  linkType: hard

"long@npm:^5.0.0":
  version: 5.2.3
  resolution: "long@npm:5.2.3"
  checksum: 10/9167ec6947a825b827c30da169a7384eec6c0c9ec2f0b9c74da2e93d81159bbe39fb09c3f13dae9721d4b807ccfa09797a7dd1012f5d478e3e33ca3c78b608e6
  languageName: node
  linkType: hard

"make-error@npm:^1.1.1":
  version: 1.3.6
  resolution: "make-error@npm:1.3.6"
  checksum: 10/b86e5e0e25f7f777b77fabd8e2cbf15737972869d852a22b7e73c17623928fccb826d8e46b9951501d3f20e51ad74ba8c59ed584f610526a48f8ccf88aaec402
  languageName: node
  linkType: hard

"media-typer@npm:0.3.0":
  version: 0.3.0
  resolution: "media-typer@npm:0.3.0"
  checksum: 10/38e0984db39139604756903a01397e29e17dcb04207bb3e081412ce725ab17338ecc47220c1b186b6bbe79a658aad1b0d41142884f5a481f36290cdefbe6aa46
  languageName: node
  linkType: hard

"methods@npm:^1.1.2":
  version: 1.1.2
  resolution: "methods@npm:1.1.2"
  checksum: 10/a385dd974faa34b5dd021b2bbf78c722881bf6f003bfe6d391d7da3ea1ed625d1ff10ddd13c57531f628b3e785be38d3eed10ad03cebd90b76932413df9a1820
  languageName: node
  linkType: hard

"mime-db@npm:1.52.0":
  version: 1.52.0
  resolution: "mime-db@npm:1.52.0"
  checksum: 10/54bb60bf39e6f8689f6622784e668a3d7f8bed6b0d886f5c3c446cb3284be28b30bf707ed05d0fe44a036f8469976b2629bbea182684977b084de9da274694d7
  languageName: node
  linkType: hard

"mime-types@npm:^2.1.18, mime-types@npm:~2.1.24, mime-types@npm:~2.1.34":
  version: 2.1.35
  resolution: "mime-types@npm:2.1.35"
  dependencies:
    mime-db: "npm:1.52.0"
  checksum: 10/89aa9651b67644035de2784a6e665fc685d79aba61857e02b9c8758da874a754aed4a9aced9265f5ed1171fd934331e5516b84a7f0218031b6fa0270eca1e51a
  languageName: node
  linkType: hard

"ms@npm:2.1.2":
  version: 2.1.2
  resolution: "ms@npm:2.1.2"
  checksum: 10/673cdb2c3133eb050c745908d8ce632ed2c02d85640e2edb3ace856a2266a813b30c613569bf3354fdf4ea7d1a1494add3bfa95e2713baa27d0c2c71fc44f58f
  languageName: node
  linkType: hard

"negotiator@npm:0.6.3":
  version: 0.6.3
  resolution: "negotiator@npm:0.6.3"
  checksum: 10/2723fb822a17ad55c93a588a4bc44d53b22855bf4be5499916ca0cab1e7165409d0b288ba2577d7b029f10ce18cf2ed8e703e5af31c984e1e2304277ef979837
  languageName: node
  linkType: hard

"node-fetch@npm:^2.6.12":
  version: 2.7.0
  resolution: "node-fetch@npm:2.7.0"
  dependencies:
    whatwg-url: "npm:^5.0.0"
  peerDependencies:
    encoding: ^0.1.0
  peerDependenciesMeta:
    encoding:
      optional: true
  checksum: 10/b24f8a3dc937f388192e59bcf9d0857d7b6940a2496f328381641cb616efccc9866e89ec43f2ec956bbd6c3d3ee05524ce77fe7b29ccd34692b3a16f237d6676
  languageName: node
  linkType: hard

"object-inspect@npm:^1.9.0":
  version: 1.12.2
  resolution: "object-inspect@npm:1.12.2"
  checksum: 10/aa11100d45fa919b36448347d4f7c8a78b0247886881db56a2026b512c4042a9749e64894519b00a4db8c6e2b713a965b5ceaa3b59324aeb3da007c54a33bc58
  languageName: node
  linkType: hard

"on-finished@npm:^2.3.0":
  version: 2.4.1
  resolution: "on-finished@npm:2.4.1"
  dependencies:
    ee-first: "npm:1.1.1"
  checksum: 10/8e81472c5028125c8c39044ac4ab8ba51a7cdc19a9fbd4710f5d524a74c6d8c9ded4dd0eed83f28d3d33ac1d7a6a439ba948ccb765ac6ce87f30450a26bfe2ea
  languageName: node
  linkType: hard

"only@npm:~0.0.2":
  version: 0.0.2
  resolution: "only@npm:0.0.2"
  checksum: 10/e2ad03e486534dc6bfb983393be83125a4669052b4a19a353eb00475b46971fb238a18223f2b609fe0d1bcb61ff8373964ccac64d05cbf970865299f655ed0ba
  languageName: node
  linkType: hard

"parseurl@npm:^1.3.2":
  version: 1.3.3
  resolution: "parseurl@npm:1.3.3"
  checksum: 10/407cee8e0a3a4c5cd472559bca8b6a45b82c124e9a4703302326e9ab60fc1081442ada4e02628efef1eb16197ddc7f8822f5a91fd7d7c86b51f530aedb17dfa2
  languageName: node
  linkType: hard

"path-to-regexp@npm:^6.2.1":
  version: 6.2.1
  resolution: "path-to-regexp@npm:6.2.1"
  checksum: 10/1e266be712d1a08086ee77beab12a1804842ec635dfed44f9ee1ba960a0e01cec8063fb8c92561115cdc0ce73158cdc7766e353ffa039340b4a85b370084c4d4
  languageName: node
  linkType: hard

"protobufjs@npm:^7.2.5":
  version: 7.2.5
  resolution: "protobufjs@npm:7.2.5"
  dependencies:
    "@protobufjs/aspromise": "npm:^1.1.2"
    "@protobufjs/base64": "npm:^1.1.2"
    "@protobufjs/codegen": "npm:^2.0.4"
    "@protobufjs/eventemitter": "npm:^1.1.0"
    "@protobufjs/fetch": "npm:^1.1.0"
    "@protobufjs/float": "npm:^1.0.2"
    "@protobufjs/inquire": "npm:^1.1.0"
    "@protobufjs/path": "npm:^1.1.2"
    "@protobufjs/pool": "npm:^1.1.0"
    "@protobufjs/utf8": "npm:^1.1.0"
    "@types/node": "npm:>=13.7.0"
    long: "npm:^5.0.0"
  checksum: 10/6c5aa62b61dff843f585f3acd9cb7a82d566de2dbf167a300b39afee91b04298c4b4aec61354b7c00308b40596f5f3f4b07d6246cfb4ee0abeaea25101033315
  languageName: node
  linkType: hard

"qs@npm:^6.5.2":
  version: 6.11.0
  resolution: "qs@npm:6.11.0"
  dependencies:
    side-channel: "npm:^1.0.4"
  checksum: 10/5a3bfea3e2f359ede1bfa5d2f0dbe54001aa55e40e27dc3e60fab814362d83a9b30758db057c2011b6f53a2d4e4e5150194b5bac45372652aecb3e3c0d4b256e
  languageName: node
  linkType: hard

"raw-body@npm:^2.3.3":
  version: 2.5.1
  resolution: "raw-body@npm:2.5.1"
  dependencies:
    bytes: "npm:3.1.2"
    http-errors: "npm:2.0.0"
    iconv-lite: "npm:0.4.24"
    unpipe: "npm:1.0.0"
  checksum: 10/280bedc12db3490ecd06f740bdcf66093a07535374b51331242382c0e130bb273ebb611b7bc4cba1b4b4e016cc7b1f4b05a6df885a6af39c2bc3b94c02291c84
  languageName: node
  linkType: hard

"reflect-metadata@npm:^0.1.13":
  version: 0.1.13
  resolution: "reflect-metadata@npm:0.1.13"
  checksum: 10/732570da35d2d96f8fdd5aac60fb263aa92f6512eaded5962b052bd9e90f22a9dec5aaf0d7ff4bfe97646c9530e8444e8435c2d80b24d0bdf938b5d47f6f5b83
  languageName: node
  linkType: hard

"root-workspace-0b6124@workspace:.":
  version: 0.0.0-use.local
  resolution: "root-workspace-0b6124@workspace:."
  dependencies:
    "@devcycle/js-client-sdk": "npm:^1.26.0"
    "@devcycle/nodejs-server-sdk": "npm:^1.31.1"
    "@types/koa": "npm:^2.13.5"
    "@types/koa-bodyparser": "npm:^4.3.10"
    "@types/koa-router": "npm:^7.4.4"
    koa: "npm:^2.13.4"
    koa-bodyparser: "npm:^4.3.0"
    koa-router: "npm:^12.0.0"
    ts-node: "npm:^10.9.1"
    typescript: "npm:^4.9.3"
  languageName: unknown
  linkType: soft

"safe-buffer@npm:5.2.1":
  version: 5.2.1
  resolution: "safe-buffer@npm:5.2.1"
  checksum: 10/32872cd0ff68a3ddade7a7617b8f4c2ae8764d8b7d884c651b74457967a9e0e886267d3ecc781220629c44a865167b61c375d2da6c720c840ecd73f45d5d9451
  languageName: node
  linkType: hard

"safer-buffer@npm:>= 2.1.2 < 3":
  version: 2.1.2
  resolution: "safer-buffer@npm:2.1.2"
  checksum: 10/7eaf7a0cf37cc27b42fb3ef6a9b1df6e93a1c6d98c6c6702b02fe262d5fcbd89db63320793b99b21cb5348097d0a53de81bd5f4e8b86e20cc9412e3f1cfb4e83
  languageName: node
  linkType: hard

"setprototypeof@npm:1.2.0":
  version: 1.2.0
  resolution: "setprototypeof@npm:1.2.0"
  checksum: 10/fde1630422502fbbc19e6844346778f99d449986b2f9cdcceb8326730d2f3d9964dbcb03c02aaadaefffecd0f2c063315ebea8b3ad895914bf1afc1747fc172e
  languageName: node
  linkType: hard

"side-channel@npm:^1.0.4":
  version: 1.0.4
  resolution: "side-channel@npm:1.0.4"
  dependencies:
    call-bind: "npm:^1.0.0"
    get-intrinsic: "npm:^1.0.2"
    object-inspect: "npm:^1.9.0"
  checksum: 10/c4998d9fc530b0e75a7fd791ad868fdc42846f072734f9080ff55cc8dc7d3899abcda24fd896aa6648c3ab7021b4bb478073eb4f44dfd55bce9714bc1a7c5d45
  languageName: node
  linkType: hard

"statuses@npm:2.0.1":
  version: 2.0.1
  resolution: "statuses@npm:2.0.1"
  checksum: 10/18c7623fdb8f646fb213ca4051be4df7efb3484d4ab662937ca6fbef7ced9b9e12842709872eb3020cc3504b93bde88935c9f6417489627a7786f24f8031cbcb
  languageName: node
  linkType: hard

"statuses@npm:>= 1.5.0 < 2, statuses@npm:^1.5.0":
  version: 1.5.0
  resolution: "statuses@npm:1.5.0"
  checksum: 10/c469b9519de16a4bb19600205cffb39ee471a5f17b82589757ca7bd40a8d92ebb6ed9f98b5a540c5d302ccbc78f15dc03cc0280dd6e00df1335568a5d5758a5c
  languageName: node
  linkType: hard

"toidentifier@npm:1.0.1":
  version: 1.0.1
  resolution: "toidentifier@npm:1.0.1"
  checksum: 10/952c29e2a85d7123239b5cfdd889a0dde47ab0497f0913d70588f19c53f7e0b5327c95f4651e413c74b785147f9637b17410ac8c846d5d4a20a5a33eb6dc3a45
  languageName: node
  linkType: hard

"tr46@npm:~0.0.3":
  version: 0.0.3
  resolution: "tr46@npm:0.0.3"
  checksum: 10/8f1f5aa6cb232f9e1bdc86f485f916b7aa38caee8a778b378ffec0b70d9307873f253f5cbadbe2955ece2ac5c83d0dc14a77513166ccd0a0c7fe197e21396695
  languageName: node
  linkType: hard

"ts-node@npm:^10.9.1":
  version: 10.9.1
  resolution: "ts-node@npm:10.9.1"
  dependencies:
    "@cspotcode/source-map-support": "npm:^0.8.0"
    "@tsconfig/node10": "npm:^1.0.7"
    "@tsconfig/node12": "npm:^1.0.7"
    "@tsconfig/node14": "npm:^1.0.0"
    "@tsconfig/node16": "npm:^1.0.2"
    acorn: "npm:^8.4.1"
    acorn-walk: "npm:^8.1.1"
    arg: "npm:^4.1.0"
    create-require: "npm:^1.1.0"
    diff: "npm:^4.0.1"
    make-error: "npm:^1.1.1"
    v8-compile-cache-lib: "npm:^3.0.1"
    yn: "npm:3.1.1"
  peerDependencies:
    "@swc/core": ">=1.2.50"
    "@swc/wasm": ">=1.2.50"
    "@types/node": "*"
    typescript: ">=2.7"
  peerDependenciesMeta:
    "@swc/core":
      optional: true
    "@swc/wasm":
      optional: true
  bin:
    ts-node: dist/bin.js
    ts-node-cwd: dist/bin-cwd.js
    ts-node-esm: dist/bin-esm.js
    ts-node-script: dist/bin-script.js
    ts-node-transpile-only: dist/bin-transpile.js
    ts-script: dist/bin-script-deprecated.js
  checksum: 10/bee56d4dc96ccbafc99dfab7b73fbabc62abab2562af53cdea91c874a301b9d11e42bc33c0a032a6ed6d813dbdc9295ec73dde7b73ea4ebde02b0e22006f7e04
  languageName: node
  linkType: hard

"tsscmp@npm:1.0.6":
  version: 1.0.6
  resolution: "tsscmp@npm:1.0.6"
  checksum: 10/850405080ea3ecb158e9e01bc4e87c9edb94a829d8ad8747f30ba103fcc41a287d7949ab84d7b27c36294036a2c9878f050db15b73a1a1961abfb7688b82ac53
  languageName: node
  linkType: hard

"type-is@npm:^1.6.16":
  version: 1.6.18
  resolution: "type-is@npm:1.6.18"
  dependencies:
    media-typer: "npm:0.3.0"
    mime-types: "npm:~2.1.24"
  checksum: 10/0bd9eeae5efd27d98fd63519f999908c009e148039d8e7179a074f105362d4fcc214c38b24f6cda79c87e563cbd12083a4691381ed28559220d4a10c2047bed4
  languageName: node
  linkType: hard

"typescript@npm:^4.9.3":
  version: 4.9.3
  resolution: "typescript@npm:4.9.3"
  bin:
    tsc: bin/tsc
    tsserver: bin/tsserver
  checksum: 10/dda600a5a37b945ad1fff76f0c874e7bfda3fd56cfc43b9f328780d602b6e7127b4342bbc6ad68ccf7bf6645047be329586ea1b393a80fb942d608a796aba0de
  languageName: node
  linkType: hard

"typescript@patch:typescript@npm%3A^4.9.3#optional!builtin<compat/typescript>":
  version: 4.9.3
  resolution: "typescript@patch:typescript@npm%3A4.9.3#optional!builtin<compat/typescript>::version=4.9.3&hash=a66ed4"
  bin:
    tsc: bin/tsc
    tsserver: bin/tsserver
  checksum: 10/cc7506c7cb5419b3e64bff50082307ed31d0de163ed6ccd9f418e94c364ebde2aba3f57087ac431805410855421917718a1a6ed85f46620cf03c87e86d1ce9c5
  languageName: node
  linkType: hard

"ua-parser-js@npm:^1.0.36":
  version: 1.0.37
  resolution: "ua-parser-js@npm:1.0.37"
  checksum: 10/56508f2428ebac64382c4d41da14189e5013e3e2a5f5918aff4bee3ba77df1f4eaad6f81f90c24999f1cf12cc1596764684497fec07e0ff5182ce9a323a8c05b
  languageName: node
  linkType: hard

"unpipe@npm:1.0.0":
  version: 1.0.0
  resolution: "unpipe@npm:1.0.0"
  checksum: 10/4fa18d8d8d977c55cb09715385c203197105e10a6d220087ec819f50cb68870f02942244f1017565484237f1f8c5d3cd413631b1ae104d3096f24fdfde1b4aa2
  languageName: node
  linkType: hard

"uuid@npm:^8.3.2":
  version: 8.3.2
  resolution: "uuid@npm:8.3.2"
  bin:
    uuid: dist/bin/uuid
  checksum: 10/9a5f7aa1d6f56dd1e8d5f2478f855f25c645e64e26e347a98e98d95781d5ed20062d6cca2eecb58ba7c84bc3910be95c0451ef4161906abaab44f9cb68ffbdd1
  languageName: node
  linkType: hard

"v8-compile-cache-lib@npm:^3.0.1":
  version: 3.0.1
  resolution: "v8-compile-cache-lib@npm:3.0.1"
  checksum: 10/88d3423a52b6aaf1836be779cab12f7016d47ad8430dffba6edf766695e6d90ad4adaa3d8eeb512cc05924f3e246c4a4ca51e089dccf4402caa536b5e5be8961
  languageName: node
  linkType: hard

"validator@npm:^13.9.0":
  version: 13.11.0
  resolution: "validator@npm:13.11.0"
  checksum: 10/4bf094641eb71729c06a42d669840e7189597ba655a8264adabac9bf03f95cd6fde5fbc894b0a13ee861bd4a852f56d2afdc9391aeaeb3fc0f9633a974140e12
  languageName: node
  linkType: hard

"vary@npm:^1.1.2":
  version: 1.1.2
  resolution: "vary@npm:1.1.2"
  checksum: 10/31389debef15a480849b8331b220782230b9815a8e0dbb7b9a8369559aed2e9a7800cd904d4371ea74f4c3527db456dc8e7ac5befce5f0d289014dbdf47b2242
  languageName: node
  linkType: hard

"webidl-conversions@npm:^3.0.0":
  version: 3.0.1
  resolution: "webidl-conversions@npm:3.0.1"
  checksum: 10/b65b9f8d6854572a84a5c69615152b63371395f0c5dcd6729c45789052296df54314db2bc3e977df41705eacb8bc79c247cee139a63fa695192f95816ed528ad
  languageName: node
  linkType: hard

"whatwg-url@npm:^5.0.0":
  version: 5.0.0
  resolution: "whatwg-url@npm:5.0.0"
  dependencies:
    tr46: "npm:~0.0.3"
    webidl-conversions: "npm:^3.0.0"
  checksum: 10/f95adbc1e80820828b45cc671d97da7cd5e4ef9deb426c31bcd5ab00dc7103042291613b3ef3caec0a2335ed09e0d5ed026c940755dbb6d404e2b27f940fdf07
  languageName: node
  linkType: hard

"ylru@npm:^1.2.0":
  version: 1.3.2
  resolution: "ylru@npm:1.3.2"
  checksum: 10/56ea73b6fd01170de8bf7f28347a832bfb87b0bf02deb8e43b1bbe11bdc14532b0fba2364d550ed20fd0ec2ec73a3e14b1b9324636718336accd325135643ae8
  languageName: node
  linkType: hard

"yn@npm:3.1.1":
  version: 3.1.1
  resolution: "yn@npm:3.1.1"
  checksum: 10/2c487b0e149e746ef48cda9f8bad10fc83693cd69d7f9dcd8be4214e985de33a29c9e24f3c0d6bcf2288427040a8947406ab27f7af67ee9456e6b84854f02dd6
  languageName: node
  linkType: hard
